
Microsoft Visual Studio Solution File, Format Version 12.00
# Visual Studio Version 17
VisualStudioVersion = 17.0.32112.339
MinimumVisualStudioVersion = 10.0.40219.1
Project("{FAE04EC0-301F-11D3-BF4B-00C04F79EFBC}") = "fourth", "fourth\fourth.csproj", "{87917823-BA81-4BF8-B14C-4641B2EE0822}"
EndProject
Global
	GlobalSection(SolutionConfigurationPlatforms) = preSolution
		Debug|Any CPU = Debug|Any CPU
		Release|Any CPU = Release|Any CPU
	EndGlobalSection
	GlobalSection(ProjectConfigurationPlatforms) = postSolution
		{87917823-BA81-4BF8-B14C-4641B2EE0822}.Debug|Any CPU.ActiveCfg = Debug|Any CPU
		{87917823-BA81-4BF8-B14C-4641B2EE0822}.Debug|Any CPU.Build.0 = Debug|Any CPU
		{87917823-BA81-4BF8-B14C-4641B2EE0822}.Release|Any CPU.ActiveCfg = Release|Any CPU
		{87917823-BA81-4BF8-B14C-4641B2EE0822}.Release|Any CPU.Build.0 = Release|Any CPU
	EndGlobalSection
	GlobalSection(SolutionProperties) = preSolution
		HideSolutionNode = FALSE
	EndGlobalSection
	GlobalSection(ExtensibilityGlobals) = postSolution
		SolutionGuid = {F510D3D6-BF5A-47F6-B035-53F7B5F86EA6}
	EndGlobalSection
EndGlobal
