
Microsoft Visual Studio Solution File, Format Version 12.00
# Visual Studio Version 17
VisualStudioVersion = 17.0.32112.339
MinimumVisualStudioVersion = 10.0.40219.1
Project("{FAE04EC0-301F-11D3-BF4B-00C04F79EFBC}") = "first_task", "first_task\first_task.csproj", "{AE4A92C9-265B-4387-BF58-9B66516AA012}"
EndProject
Global
	GlobalSection(SolutionConfigurationPlatforms) = preSolution
		Debug|Any CPU = Debug|Any CPU
		Release|Any CPU = Release|Any CPU
	EndGlobalSection
	GlobalSection(ProjectConfigurationPlatforms) = postSolution
		{AE4A92C9-265B-4387-BF58-9B66516AA012}.Debug|Any CPU.ActiveCfg = Debug|Any CPU
		{AE4A92C9-265B-4387-BF58-9B66516AA012}.Debug|Any CPU.Build.0 = Debug|Any CPU
		{AE4A92C9-265B-4387-BF58-9B66516AA012}.Release|Any CPU.ActiveCfg = Release|Any CPU
		{AE4A92C9-265B-4387-BF58-9B66516AA012}.Release|Any CPU.Build.0 = Release|Any CPU
	EndGlobalSection
	GlobalSection(SolutionProperties) = preSolution
		HideSolutionNode = FALSE
	EndGlobalSection
	GlobalSection(ExtensibilityGlobals) = postSolution
		SolutionGuid = {1AE56FF5-BC2D-4B70-B740-A5F7779C8A02}
	EndGlobalSection
EndGlobal
