
Microsoft Visual Studio Solution File, Format Version 12.00
# Visual Studio Version 17
VisualStudioVersion = 17.0.32112.339
MinimumVisualStudioVersion = 10.0.40219.1
Project("{FAE04EC0-301F-11D3-BF4B-00C04F79EFBC}") = "first_task", "first_task\first_task.csproj", "{D8F69265-E165-456C-B3EB-608993FA1651}"
EndProject
Global
	GlobalSection(SolutionConfigurationPlatforms) = preSolution
		Debug|Any CPU = Debug|Any CPU
		Release|Any CPU = Release|Any CPU
	EndGlobalSection
	GlobalSection(ProjectConfigurationPlatforms) = postSolution
		{D8F69265-E165-456C-B3EB-608993FA1651}.Debug|Any CPU.ActiveCfg = Debug|Any CPU
		{D8F69265-E165-456C-B3EB-608993FA1651}.Debug|Any CPU.Build.0 = Debug|Any CPU
		{D8F69265-E165-456C-B3EB-608993FA1651}.Release|Any CPU.ActiveCfg = Release|Any CPU
		{D8F69265-E165-456C-B3EB-608993FA1651}.Release|Any CPU.Build.0 = Release|Any CPU
	EndGlobalSection
	GlobalSection(SolutionProperties) = preSolution
		HideSolutionNode = FALSE
	EndGlobalSection
	GlobalSection(ExtensibilityGlobals) = postSolution
		SolutionGuid = {8DDDA232-6315-4FD2-A768-85A200A006C3}
	EndGlobalSection
EndGlobal
