
Microsoft Visual Studio Solution File, Format Version 12.00
# Visual Studio Version 17
VisualStudioVersion = 17.7.34221.43
MinimumVisualStudioVersion = 10.0.40219.1
Project("{FAE04EC0-301F-11D3-BF4B-00C04F79EFBC}") = "second", "second.csproj", "{0F28E85C-780D-4DF7-9B4A-63B6D0D431B9}"
EndProject
Global
	GlobalSection(SolutionConfigurationPlatforms) = preSolution
		Debug|Any CPU = Debug|Any CPU
		Release|Any CPU = Release|Any CPU
	EndGlobalSection
	GlobalSection(ProjectConfigurationPlatforms) = postSolution
		{0F28E85C-780D-4DF7-9B4A-63B6D0D431B9}.Debug|Any CPU.ActiveCfg = Debug|Any CPU
		{0F28E85C-780D-4DF7-9B4A-63B6D0D431B9}.Debug|Any CPU.Build.0 = Debug|Any CPU
		{0F28E85C-780D-4DF7-9B4A-63B6D0D431B9}.Release|Any CPU.ActiveCfg = Release|Any CPU
		{0F28E85C-780D-4DF7-9B4A-63B6D0D431B9}.Release|Any CPU.Build.0 = Release|Any CPU
	EndGlobalSection
	GlobalSection(SolutionProperties) = preSolution
		HideSolutionNode = FALSE
	EndGlobalSection
	GlobalSection(ExtensibilityGlobals) = postSolution
		SolutionGuid = {89FB362B-5680-4E01-8F76-08BD0B7B551F}
	EndGlobalSection
EndGlobal
